
Microsoft Visual Studio Solution File, Format Version 12.00
# Visual Studio Version 17
VisualStudioVersion = 17.0.32002.185
MinimumVisualStudioVersion = 10.0.40219.1
Project("{2150E333-8FDC-42A3-9474-1A3956D46DE8}") = "Service", "Service", "{954494F8-3934-4F17-80E4-4BBD559115FE}"
EndProject
Project("{2150E333-8FDC-42A3-9474-1A3956D46DE8}") = "Client", "Client", "{18A48638-20A6-4534-B9B3-2BAACC9ECA86}"
EndProject
Project("{2150E333-8FDC-42A3-9474-1A3956D46DE8}") = "Runner", "Runner", "{87170A5B-B2F6-46C3-96D5-218C1F612016}"
EndProject
Project("{2150E333-8FDC-42A3-9474-1A3956D46DE8}") = "Native", "Native", "{0378D935-52D1-4EDC-918E-A8D9BCC68C7B}"
EndProject
Project("{2150E333-8FDC-42A3-9474-1A3956D46DE8}") = "ForecastService", "ForecastService", "{F0C0C8C3-FD0C-416F-A0E1-F908B64B9418}"
EndProject
Project("{2150E333-8FDC-42A3-9474-1A3956D46DE8}") = "CommentService", "CommentService", "{A5850ED1-1F3E-468D-B597-42F80B3FEC95}"
EndProject
Project("{2150E333-8FDC-42A3-9474-1A3956D46DE8}") = "Transport", "Transport", "{4EF6621C-7EF3-4B6A-9F65-80D0BD600BAB}"
EndProject
Project("{2150E333-8FDC-42A3-9474-1A3956D46DE8}") = "Implementation", "Implementation", "{D1CBBC5B-CCE4-4AB5-82C0-051559C5AAC6}"
EndProject
Project("{2150E333-8FDC-42A3-9474-1A3956D46DE8}") = "RestClient", "RestClient", "{0B1023CB-DB51-454D-BF39-3D9846637CF1}"
EndProject
Project("{2150E333-8FDC-42A3-9474-1A3956D46DE8}") = "Infrastructure", "Infrastructure", "{EF1844CD-2D99-4668-BE73-F84543E0AF7A}"
EndProject
Project("{9A19103F-16F7-4668-BE54-9A1E7A4F7556}") = "ForecastService.RestServer", "Service\ForecastService\Transport\RestAPI\RestServer\ForecastService.RestServer.csproj", "{A1CAFE39-24B8-4F07-80E7-E91700FD3606}"
EndProject
Project("{2150E333-8FDC-42A3-9474-1A3956D46DE8}") = "Forecast", "Forecast", "{90A93B9E-7BD8-485A-AB77-8FD07B1873AA}"
EndProject
Project("{9A19103F-16F7-4668-BE54-9A1E7A4F7556}") = "Client.Runner.Base", "Client\Runner.Base\Client.Runner.Base.csproj", "{625D5428-7412-40EA-9462-DCFE7757C811}"
EndProject
Project("{9A19103F-16F7-4668-BE54-9A1E7A4F7556}") = "Client.Console.UserInterface", "Client\UI.Console\Client.Console.UserInterface.csproj", "{F244D9B8-39ED-49EC-AE13-44AB8FCED04C}"
EndProject
Project("{2150E333-8FDC-42A3-9474-1A3956D46DE8}") = "Application.Logic", "Application.Logic", "{015FE054-0C7D-4C24-876F-C0D62B59BF7C}"
EndProject
Project("{9A19103F-16F7-4668-BE54-9A1E7A4F7556}") = "ForecastClient.Application.Logic.Base", "Client\Forecast\Application\Logic\Base\ForecastClient.Application.Logic.Base.csproj", "{1F9B8050-93E6-46BE-99B0-E2EA45F21BB1}"
EndProject
Project("{2150E333-8FDC-42A3-9474-1A3956D46DE8}") = "Interface", "Interface", "{D6D79BBD-FD95-41D6-94C1-2DB502C524AF}"
EndProject
Project("{9A19103F-16F7-4668-BE54-9A1E7A4F7556}") = "ForecastService.RestDefinitions", "Service\ForecastService\Transport\RestAPI\RestDefinitions\ForecastService.RestDefinitions.csproj", "{2EEBFBA9-9A3D-454B-ABF6-206BC72DD5A9}"
EndProject
Project("{9A19103F-16F7-4668-BE54-9A1E7A4F7556}") = "ForecastService.Persistence", "Service\ForecastService\Implementation\Persistence\ForecastService.Persistence.csproj", "{BB93E052-2C00-4989-9359-723CF2FEEF47}"
EndProject
Project("{9A19103F-16F7-4668-BE54-9A1E7A4F7556}") = "ForecastService.DtoBlMapper", "Service\ForecastService\Implementation\DtoBlMapper\ForecastService.DtoBlMapper.csproj", "{DD2E289B-EB92-4115-94E9-DF51A7795308}"
EndProject
Project("{9A19103F-16F7-4668-BE54-9A1E7A4F7556}") = "ForecastService.BusinessLogic", "Service\ForecastService\Implementation\BusinessLogic\ForecastService.BusinessLogic.csproj", "{A56C931D-22DA-4F3D-8F0F-DE68584E26D8}"
EndProject
Project("{9A19103F-16F7-4668-BE54-9A1E7A4F7556}") = "ForecastService.Core", "Service\ForecastService\Implementation\Core\ForecastService.Core.csproj", "{89F0B023-509C-46C0-B654-8E39F39546CA}"
EndProject
Project("{9A19103F-16F7-4668-BE54-9A1E7A4F7556}") = "ForecastService.Services", "Service\ForecastService\Implementation\Services\ForecastService.Services.csproj", "{4DC32302-FACA-49E0-AF9A-EEC8B9303A83}"
EndProject
Project("{9A19103F-16F7-4668-BE54-9A1E7A4F7556}") = "ForecastService.RestServerConfiguration", "Service\ForecastService\Transport\RestAPI\RestConfiguration\ForecastService.RestServerConfiguration.csproj", "{C5A17F72-2281-4C97-BA5F-3512F59345D2}"
EndProject
Project("{2150E333-8FDC-42A3-9474-1A3956D46DE8}") = "Interface", "Interface", "{A83A7113-D67A-4222-BAAB-CC7F41D7CCCA}"
EndProject
Project("{9A19103F-16F7-4668-BE54-9A1E7A4F7556}") = "Service.Interface.Base", "Service\Infrastructure\Service.Interface.Base\Service.Interface.Base.csproj", "{910FCE27-87AC-49DC-AC30-D34D93E746C3}"
EndProject
Project("{2150E333-8FDC-42A3-9474-1A3956D46DE8}") = "Implementation", "Implementation", "{F5496094-FAA9-40CA-B456-91C9D3A03E03}"
EndProject
Project("{2150E333-8FDC-42A3-9474-1A3956D46DE8}") = "Transport", "Transport", "{BA8EFE43-5D53-49FF-AF1D-9316F488B7CA}"
EndProject
Project("{9A19103F-16F7-4668-BE54-9A1E7A4F7556}") = "CommentService.Services", "Service\CommentService\Implementation\Services\CommentService.Services.csproj", "{EBD73EE6-5FF9-4E17-B760-F4478DE1B027}"
EndProject
Project("{9A19103F-16F7-4668-BE54-9A1E7A4F7556}") = "CommentService.BusinessLogic", "Service\CommentService\Implementation\BusinessLogic\CommentService.BusinessLogic.csproj", "{1532E92A-97AC-4BCD-8F3F-DD367C87C9D6}"
EndProject
Project("{9A19103F-16F7-4668-BE54-9A1E7A4F7556}") = "CommentService.DtoBlMapper", "Service\CommentService\Implementation\DtoBlMapper\CommentService.DtoBlMapper.csproj", "{24E5BF9E-BA65-43C5-B7FD-F0258DD54F5E}"
EndProject
Project("{9A19103F-16F7-4668-BE54-9A1E7A4F7556}") = "CommentService.Core", "Service\CommentService\Implementation\Core\CommentService.Core.csproj", "{43B7C7C1-FBF9-4C62-A959-B4AB404D8836}"
EndProject
Project("{2150E333-8FDC-42A3-9474-1A3956D46DE8}") = "RestAPI", "RestAPI", "{AE6E2C42-CDA6-4200-902D-B2503052E458}"
EndProject
Project("{9A19103F-16F7-4668-BE54-9A1E7A4F7556}") = "CommentService.Persistence", "Service\CommentService\Implementation\Persistence\CommentService.Persistence.csproj", "{56B76764-67E7-4DEB-8434-50E329236F85}"
EndProject
Project("{9A19103F-16F7-4668-BE54-9A1E7A4F7556}") = "CommentService.RestDefinitions", "Service\CommentService\Transport\RestAPI\RestDefinitions\CommentService.RestDefinitions.csproj", "{D536B916-EC55-4CB9-B623-6B1E35AC9E02}"
EndProject
Project("{9A19103F-16F7-4668-BE54-9A1E7A4F7556}") = "CommentService.RestServerConfiguration", "Service\CommentService\Transport\RestAPI\RestConfiguration\CommentService.RestServerConfiguration.csproj", "{389067F4-5035-4045-B7CA-530622D7AE55}"
EndProject
Project("{9A19103F-16F7-4668-BE54-9A1E7A4F7556}") = "CommentService.RestServer", "Service\CommentService\Transport\RestAPI\RestServer\CommentService.RestServer.csproj", "{C7AA50BE-9640-4560-A953-350809CB1F52}"
EndProject
Project("{9A19103F-16F7-4668-BE54-9A1E7A4F7556}") = "Client.Base", "Service\Infrastructure\Client.Base\Client.Base.csproj", "{149E9BE8-7AA5-4DA5-9438-8828252B10FD}"
EndProject
Project("{9A19103F-16F7-4668-BE54-9A1E7A4F7556}") = "Helpers", "Service\Infrastructure\Helpers\Helpers.csproj", "{F657558B-D640-4648-BF1E-536EB471FE23}"
EndProject
Project("{2150E333-8FDC-42A3-9474-1A3956D46DE8}") = "RestAPI", "RestAPI", "{3B268BEA-3678-470B-8129-0F8C734092F5}"
EndProject
Project("{2150E333-8FDC-42A3-9474-1A3956D46DE8}") = "Client", "Client", "{D5CE7EC3-544A-49E6-A50A-CE5B660AEEA9}"
EndProject
Project("{2150E333-8FDC-42A3-9474-1A3956D46DE8}") = "Server", "Server", "{3BAEA620-DF30-4705-84AD-084B86231E2F}"
EndProject
Project("{9A19103F-16F7-4668-BE54-9A1E7A4F7556}") = "Service.RestServer.Swagger", "Service\Infrastructure\RestAPI\Server\RestServer.Swagger\Service.RestServer.Swagger.csproj", "{BD226571-EE3F-4712-8862-61C89A1CB156}"
EndProject
Project("{9A19103F-16F7-4668-BE54-9A1E7A4F7556}") = "Service.RestServer.Base", "Service\Infrastructure\RestAPI\Server\Service.RestServer.Base\Service.RestServer.Base.csproj", "{49AB52F4-5EFE-4D93-9108-7D0383FD606A}"
EndProject
Project("{9A19103F-16F7-4668-BE54-9A1E7A4F7556}") = "Client.HttpClient.Base", "Service\Infrastructure\RestAPI\Client\Client.HttpClient.Base\Client.HttpClient.Base.csproj", "{C3BE9C31-4728-4D66-9B8F-97254D9A1061}"
EndProject
Project("{9A19103F-16F7-4668-BE54-9A1E7A4F7556}") = "Client.RestSharp.Base", "Service\Infrastructure\RestAPI\Client\Client.RestSharp.Base\Client.RestSharp.Base.csproj", "{DAC65318-C8F5-492F-85C9-41AD7814B9F0}"
EndProject
Project("{9A19103F-16F7-4668-BE54-9A1E7A4F7556}") = "ServiceBaseClient.HttpClient.Base", "Service\Infrastructure\RestAPI\Client\ServiceBaseClient.HttpClient.Base\ServiceBaseClient.HttpClient.Base.csproj", "{9995D5F1-4B7A-4F53-8E33-E9965D42319D}"
EndProject
Project("{9A19103F-16F7-4668-BE54-9A1E7A4F7556}") = "ServiceBaseClient.RestClient.Base", "Service\Infrastructure\RestAPI\Client\ServiceBaseClient.RestClient.Base\ServiceBaseClient.RestClient.Base.csproj", "{8505B205-8A84-46F9-A9A1-D2716256744F}"
EndProject
Project("{9A19103F-16F7-4668-BE54-9A1E7A4F7556}") = "ServiceHelpers", "Service\Infrastructure\RestAPI\Client\ServiceHelpers\ServiceHelpers.csproj", "{1EB17B1A-7D30-4DEB-AEC2-A995347512E2}"
EndProject
Project("{2150E333-8FDC-42A3-9474-1A3956D46DE8}") = "Solution Items", "Solution Items", "{93592A31-2E76-4EF7-A6C2-7FF3EC366160}"
	ProjectSection(SolutionItems) = preProject
		.editorconfig = .editorconfig
	EndProjectSection
EndProject
Project("{9A19103F-16F7-4668-BE54-9A1E7A4F7556}") = "ForecastService.CommentService", "Service\ForecastService\Implementation\CommentService\ForecastService.CommentService.csproj", "{8F6ED421-9A65-4F68-A6C9-B536A77C3CEE}"
EndProject
Project("{9A19103F-16F7-4668-BE54-9A1E7A4F7556}") = "ForecastClient.Application.Logic.NativeDirect", "Client\Forecast\Application\Logic\NativeDirect\ForecastClient.Application.Logic.NativeDirect.csproj", "{0F43F17B-EE77-43D5-BD01-06713B0793A9}"
EndProject
Project("{9A19103F-16F7-4668-BE54-9A1E7A4F7556}") = "ForecastClient.ConsoleApp.NativeDirect", "Client\Forecast\Application\ConsoleApp\NativeDirect\ForecastClient.ConsoleApp.NativeDirect.csproj", "{DE196FD5-5DC6-49D6-894C-348BC934F26E}"
EndProject
Project("{9A19103F-16F7-4668-BE54-9A1E7A4F7556}") = "ForecastServiceBenchmarks", "Benchmark\ForecastServiceBenchmarks\ForecastServiceBenchmarks.csproj", "{409C9E04-0951-4FC3-BA3E-F48F67D51568}"
EndProject
Project("{9A19103F-16F7-4668-BE54-9A1E7A4F7556}") = "CommentService.Interface", "Service\CommentService\Interface\CommentService.Interface.csproj", "{F0175DBB-9B83-4BF6-AC5B-E84ADF721250}"
EndProject
Project("{9A19103F-16F7-4668-BE54-9A1E7A4F7556}") = "ForecastService.RestExamples", "Service\ForecastService\Transport\RestAPI\RestExamples\ForecastService.RestExamples.csproj", "{A1B50F7C-1754-493E-A5F6-023B45361AF9}"
EndProject
Project("{2150E333-8FDC-42A3-9474-1A3956D46DE8}") = "Examples", "Examples", "{806483FC-AE6B-4F9F-9E9E-2801B7A6295B}"
EndProject
Project("{2150E333-8FDC-42A3-9474-1A3956D46DE8}") = "RestAPI", "RestAPI", "{A7F19788-9DD3-4995-9EC9-E09094345824}"
EndProject
Project("{2150E333-8FDC-42A3-9474-1A3956D46DE8}") = "Examples", "Examples", "{938F7C2E-4B6B-4FAB-97FE-6B7746728BEE}"
EndProject
Project("{9A19103F-16F7-4668-BE54-9A1E7A4F7556}") = "CommentService.RestExamples", "Service\CommentService\Transport\RestAPI\RestExamples\CommentService.RestExamples.csproj", "{D9C7365B-359C-492E-90FD-3BE73424ACBC}"
EndProject
Project("{2150E333-8FDC-42A3-9474-1A3956D46DE8}") = "RestClient", "RestClient", "{E56AD563-EA5B-4DCD-B42C-F91E40D42540}"
EndProject
Project("{9A19103F-16F7-4668-BE54-9A1E7A4F7556}") = "CommentClient.Native.HttpClient", "Service\CommentService\Transport\RestAPI\RestClient\CommentClient.Native.HttpClient\CommentClient.Native.HttpClient.csproj", "{94B9441A-B1F8-4510-B309-EBA7D13672DF}"
EndProject
Project("{9A19103F-16F7-4668-BE54-9A1E7A4F7556}") = "CommentClient.Native.RestClient", "Service\CommentService\Transport\RestAPI\RestClient\CommentClient.Native.RestClient\CommentClient.Native.RestClient.csproj", "{D9FED560-C612-439B-BE54-B99FA6D50B56}"
EndProject
Project("{9A19103F-16F7-4668-BE54-9A1E7A4F7556}") = "ForecastClient.Native.HttpClient", "Service\ForecastService\Transport\RestAPI\RestClient\Native.HttpClient\ForecastClient.Native.HttpClient.csproj", "{6FCD831A-62D3-4BF7-9368-6DDF8982B0D7}"
EndProject
Project("{9A19103F-16F7-4668-BE54-9A1E7A4F7556}") = "ForecastClient.Native.RestClient", "Service\ForecastService\Transport\RestAPI\RestClient\Native.RestClient\ForecastClient.Native.RestClient.csproj", "{2791334B-32A9-4AA5-826F-166F6657AA8B}"
EndProject
Project("{9A19103F-16F7-4668-BE54-9A1E7A4F7556}") = "ForecastService.Interface", "Service\ForecastService\Interface\ForecastService.Interface.csproj", "{1C88C48C-0BA5-4C6B-BA26-999C0F7714EE}"
EndProject
Project("{9A19103F-16F7-4668-BE54-9A1E7A4F7556}") = "ForecastClient.Runner.Base", "Client\Forecast\Runner\Base\ForecastClient.Runner.Base.csproj", "{BFAD38E4-D0AC-4438-83D7-D6416AE4165F}"
EndProject
Project("{9A19103F-16F7-4668-BE54-9A1E7A4F7556}") = "ForecastClient.Runner.Native", "Client\Forecast\Runner\Native\ForecastClient.Runner.Native.csproj", "{E9FCC9CA-8098-468A-9872-C482F105FB8A}"
EndProject
Project("{FAE04EC0-301F-11D3-BF4B-00C04F79EFBC}") = "ForecastService.gRPCServer", "Service\ForecastService\Transport\gRPC\gRPCServer\ForecastService.gRPCServer\ForecastService.gRPCServer.csproj", "{C3A181CB-020C-4216-B586-3990264BF948}"
EndProject
Project("{2150E333-8FDC-42A3-9474-1A3956D46DE8}") = "gRPC", "gRPC", "{473253BD-090A-47D3-B29F-707276702131}"
EndProject
Project("{FAE04EC0-301F-11D3-BF4B-00C04F79EFBC}") = "ForecastClient.Native.gRPC", "Service\ForecastService\Transport\gRPC\ForecastClient.Native.gRPC\ForecastClient.Native.gRPC.csproj", "{6EF60019-8118-416A-A9AF-2EDD5B63CAD7}"
EndProject
Project("{FAE04EC0-301F-11D3-BF4B-00C04F79EFBC}") = "gRPCClientTest", "gRPCClientTest\gRPCClientTest.csproj", "{C1402810-6E5D-4A7D-9052-22C5589EACC4}"
EndProject
Global
	GlobalSection(SolutionConfigurationPlatforms) = preSolution
		Debug|Any CPU = Debug|Any CPU
		Release|Any CPU = Release|Any CPU
	EndGlobalSection
	GlobalSection(ProjectConfigurationPlatforms) = postSolution
		{A1CAFE39-24B8-4F07-80E7-E91700FD3606}.Debug|Any CPU.ActiveCfg = Debug|Any CPU
		{A1CAFE39-24B8-4F07-80E7-E91700FD3606}.Debug|Any CPU.Build.0 = Debug|Any CPU
		{A1CAFE39-24B8-4F07-80E7-E91700FD3606}.Release|Any CPU.ActiveCfg = Release|Any CPU
		{A1CAFE39-24B8-4F07-80E7-E91700FD3606}.Release|Any CPU.Build.0 = Release|Any CPU
		{625D5428-7412-40EA-9462-DCFE7757C811}.Debug|Any CPU.ActiveCfg = Debug|Any CPU
		{625D5428-7412-40EA-9462-DCFE7757C811}.Debug|Any CPU.Build.0 = Debug|Any CPU
		{625D5428-7412-40EA-9462-DCFE7757C811}.Release|Any CPU.ActiveCfg = Release|Any CPU
		{625D5428-7412-40EA-9462-DCFE7757C811}.Release|Any CPU.Build.0 = Release|Any CPU
		{F244D9B8-39ED-49EC-AE13-44AB8FCED04C}.Debug|Any CPU.ActiveCfg = Debug|Any CPU
		{F244D9B8-39ED-49EC-AE13-44AB8FCED04C}.Debug|Any CPU.Build.0 = Debug|Any CPU
		{F244D9B8-39ED-49EC-AE13-44AB8FCED04C}.Release|Any CPU.ActiveCfg = Release|Any CPU
		{F244D9B8-39ED-49EC-AE13-44AB8FCED04C}.Release|Any CPU.Build.0 = Release|Any CPU
		{1F9B8050-93E6-46BE-99B0-E2EA45F21BB1}.Debug|Any CPU.ActiveCfg = Debug|Any CPU
		{1F9B8050-93E6-46BE-99B0-E2EA45F21BB1}.Debug|Any CPU.Build.0 = Debug|Any CPU
		{1F9B8050-93E6-46BE-99B0-E2EA45F21BB1}.Release|Any CPU.ActiveCfg = Release|Any CPU
		{1F9B8050-93E6-46BE-99B0-E2EA45F21BB1}.Release|Any CPU.Build.0 = Release|Any CPU
		{2EEBFBA9-9A3D-454B-ABF6-206BC72DD5A9}.Debug|Any CPU.ActiveCfg = Debug|Any CPU
		{2EEBFBA9-9A3D-454B-ABF6-206BC72DD5A9}.Debug|Any CPU.Build.0 = Debug|Any CPU
		{2EEBFBA9-9A3D-454B-ABF6-206BC72DD5A9}.Release|Any CPU.ActiveCfg = Release|Any CPU
		{2EEBFBA9-9A3D-454B-ABF6-206BC72DD5A9}.Release|Any CPU.Build.0 = Release|Any CPU
		{BB93E052-2C00-4989-9359-723CF2FEEF47}.Debug|Any CPU.ActiveCfg = Debug|Any CPU
		{BB93E052-2C00-4989-9359-723CF2FEEF47}.Debug|Any CPU.Build.0 = Debug|Any CPU
		{BB93E052-2C00-4989-9359-723CF2FEEF47}.Release|Any CPU.ActiveCfg = Release|Any CPU
		{BB93E052-2C00-4989-9359-723CF2FEEF47}.Release|Any CPU.Build.0 = Release|Any CPU
		{DD2E289B-EB92-4115-94E9-DF51A7795308}.Debug|Any CPU.ActiveCfg = Debug|Any CPU
		{DD2E289B-EB92-4115-94E9-DF51A7795308}.Debug|Any CPU.Build.0 = Debug|Any CPU
		{DD2E289B-EB92-4115-94E9-DF51A7795308}.Release|Any CPU.ActiveCfg = Release|Any CPU
		{DD2E289B-EB92-4115-94E9-DF51A7795308}.Release|Any CPU.Build.0 = Release|Any CPU
		{A56C931D-22DA-4F3D-8F0F-DE68584E26D8}.Debug|Any CPU.ActiveCfg = Debug|Any CPU
		{A56C931D-22DA-4F3D-8F0F-DE68584E26D8}.Debug|Any CPU.Build.0 = Debug|Any CPU
		{A56C931D-22DA-4F3D-8F0F-DE68584E26D8}.Release|Any CPU.ActiveCfg = Release|Any CPU
		{A56C931D-22DA-4F3D-8F0F-DE68584E26D8}.Release|Any CPU.Build.0 = Release|Any CPU
		{89F0B023-509C-46C0-B654-8E39F39546CA}.Debug|Any CPU.ActiveCfg = Debug|Any CPU
		{89F0B023-509C-46C0-B654-8E39F39546CA}.Debug|Any CPU.Build.0 = Debug|Any CPU
		{89F0B023-509C-46C0-B654-8E39F39546CA}.Release|Any CPU.ActiveCfg = Release|Any CPU
		{89F0B023-509C-46C0-B654-8E39F39546CA}.Release|Any CPU.Build.0 = Release|Any CPU
		{4DC32302-FACA-49E0-AF9A-EEC8B9303A83}.Debug|Any CPU.ActiveCfg = Debug|Any CPU
		{4DC32302-FACA-49E0-AF9A-EEC8B9303A83}.Debug|Any CPU.Build.0 = Debug|Any CPU
		{4DC32302-FACA-49E0-AF9A-EEC8B9303A83}.Release|Any CPU.ActiveCfg = Release|Any CPU
		{4DC32302-FACA-49E0-AF9A-EEC8B9303A83}.Release|Any CPU.Build.0 = Release|Any CPU
		{C5A17F72-2281-4C97-BA5F-3512F59345D2}.Debug|Any CPU.ActiveCfg = Debug|Any CPU
		{C5A17F72-2281-4C97-BA5F-3512F59345D2}.Debug|Any CPU.Build.0 = Debug|Any CPU
		{C5A17F72-2281-4C97-BA5F-3512F59345D2}.Release|Any CPU.ActiveCfg = Release|Any CPU
		{C5A17F72-2281-4C97-BA5F-3512F59345D2}.Release|Any CPU.Build.0 = Release|Any CPU
		{910FCE27-87AC-49DC-AC30-D34D93E746C3}.Debug|Any CPU.ActiveCfg = Debug|Any CPU
		{910FCE27-87AC-49DC-AC30-D34D93E746C3}.Debug|Any CPU.Build.0 = Debug|Any CPU
		{910FCE27-87AC-49DC-AC30-D34D93E746C3}.Release|Any CPU.ActiveCfg = Release|Any CPU
		{910FCE27-87AC-49DC-AC30-D34D93E746C3}.Release|Any CPU.Build.0 = Release|Any CPU
		{EBD73EE6-5FF9-4E17-B760-F4478DE1B027}.Debug|Any CPU.ActiveCfg = Debug|Any CPU
		{EBD73EE6-5FF9-4E17-B760-F4478DE1B027}.Debug|Any CPU.Build.0 = Debug|Any CPU
		{EBD73EE6-5FF9-4E17-B760-F4478DE1B027}.Release|Any CPU.ActiveCfg = Release|Any CPU
		{EBD73EE6-5FF9-4E17-B760-F4478DE1B027}.Release|Any CPU.Build.0 = Release|Any CPU
		{1532E92A-97AC-4BCD-8F3F-DD367C87C9D6}.Debug|Any CPU.ActiveCfg = Debug|Any CPU
		{1532E92A-97AC-4BCD-8F3F-DD367C87C9D6}.Debug|Any CPU.Build.0 = Debug|Any CPU
		{1532E92A-97AC-4BCD-8F3F-DD367C87C9D6}.Release|Any CPU.ActiveCfg = Release|Any CPU
		{1532E92A-97AC-4BCD-8F3F-DD367C87C9D6}.Release|Any CPU.Build.0 = Release|Any CPU
		{24E5BF9E-BA65-43C5-B7FD-F0258DD54F5E}.Debug|Any CPU.ActiveCfg = Debug|Any CPU
		{24E5BF9E-BA65-43C5-B7FD-F0258DD54F5E}.Debug|Any CPU.Build.0 = Debug|Any CPU
		{24E5BF9E-BA65-43C5-B7FD-F0258DD54F5E}.Release|Any CPU.ActiveCfg = Release|Any CPU
		{24E5BF9E-BA65-43C5-B7FD-F0258DD54F5E}.Release|Any CPU.Build.0 = Release|Any CPU
		{43B7C7C1-FBF9-4C62-A959-B4AB404D8836}.Debug|Any CPU.ActiveCfg = Debug|Any CPU
		{43B7C7C1-FBF9-4C62-A959-B4AB404D8836}.Debug|Any CPU.Build.0 = Debug|Any CPU
		{43B7C7C1-FBF9-4C62-A959-B4AB404D8836}.Release|Any CPU.ActiveCfg = Release|Any CPU
		{43B7C7C1-FBF9-4C62-A959-B4AB404D8836}.Release|Any CPU.Build.0 = Release|Any CPU
		{56B76764-67E7-4DEB-8434-50E329236F85}.Debug|Any CPU.ActiveCfg = Debug|Any CPU
		{56B76764-67E7-4DEB-8434-50E329236F85}.Debug|Any CPU.Build.0 = Debug|Any CPU
		{56B76764-67E7-4DEB-8434-50E329236F85}.Release|Any CPU.ActiveCfg = Release|Any CPU
		{56B76764-67E7-4DEB-8434-50E329236F85}.Release|Any CPU.Build.0 = Release|Any CPU
		{D536B916-EC55-4CB9-B623-6B1E35AC9E02}.Debug|Any CPU.ActiveCfg = Debug|Any CPU
		{D536B916-EC55-4CB9-B623-6B1E35AC9E02}.Debug|Any CPU.Build.0 = Debug|Any CPU
		{D536B916-EC55-4CB9-B623-6B1E35AC9E02}.Release|Any CPU.ActiveCfg = Release|Any CPU
		{D536B916-EC55-4CB9-B623-6B1E35AC9E02}.Release|Any CPU.Build.0 = Release|Any CPU
		{389067F4-5035-4045-B7CA-530622D7AE55}.Debug|Any CPU.ActiveCfg = Debug|Any CPU
		{389067F4-5035-4045-B7CA-530622D7AE55}.Debug|Any CPU.Build.0 = Debug|Any CPU
		{389067F4-5035-4045-B7CA-530622D7AE55}.Release|Any CPU.ActiveCfg = Release|Any CPU
		{389067F4-5035-4045-B7CA-530622D7AE55}.Release|Any CPU.Build.0 = Release|Any CPU
		{C7AA50BE-9640-4560-A953-350809CB1F52}.Debug|Any CPU.ActiveCfg = Debug|Any CPU
		{C7AA50BE-9640-4560-A953-350809CB1F52}.Debug|Any CPU.Build.0 = Debug|Any CPU
		{C7AA50BE-9640-4560-A953-350809CB1F52}.Release|Any CPU.ActiveCfg = Release|Any CPU
		{C7AA50BE-9640-4560-A953-350809CB1F52}.Release|Any CPU.Build.0 = Release|Any CPU
		{149E9BE8-7AA5-4DA5-9438-8828252B10FD}.Debug|Any CPU.ActiveCfg = Debug|Any CPU
		{149E9BE8-7AA5-4DA5-9438-8828252B10FD}.Debug|Any CPU.Build.0 = Debug|Any CPU
		{149E9BE8-7AA5-4DA5-9438-8828252B10FD}.Release|Any CPU.ActiveCfg = Release|Any CPU
		{149E9BE8-7AA5-4DA5-9438-8828252B10FD}.Release|Any CPU.Build.0 = Release|Any CPU
		{F657558B-D640-4648-BF1E-536EB471FE23}.Debug|Any CPU.ActiveCfg = Debug|Any CPU
		{F657558B-D640-4648-BF1E-536EB471FE23}.Debug|Any CPU.Build.0 = Debug|Any CPU
		{F657558B-D640-4648-BF1E-536EB471FE23}.Release|Any CPU.ActiveCfg = Release|Any CPU
		{F657558B-D640-4648-BF1E-536EB471FE23}.Release|Any CPU.Build.0 = Release|Any CPU
		{BD226571-EE3F-4712-8862-61C89A1CB156}.Debug|Any CPU.ActiveCfg = Debug|Any CPU
		{BD226571-EE3F-4712-8862-61C89A1CB156}.Debug|Any CPU.Build.0 = Debug|Any CPU
		{BD226571-EE3F-4712-8862-61C89A1CB156}.Release|Any CPU.ActiveCfg = Release|Any CPU
		{BD226571-EE3F-4712-8862-61C89A1CB156}.Release|Any CPU.Build.0 = Release|Any CPU
		{49AB52F4-5EFE-4D93-9108-7D0383FD606A}.Debug|Any CPU.ActiveCfg = Debug|Any CPU
		{49AB52F4-5EFE-4D93-9108-7D0383FD606A}.Debug|Any CPU.Build.0 = Debug|Any CPU
		{49AB52F4-5EFE-4D93-9108-7D0383FD606A}.Release|Any CPU.ActiveCfg = Release|Any CPU
		{49AB52F4-5EFE-4D93-9108-7D0383FD606A}.Release|Any CPU.Build.0 = Release|Any CPU
		{C3BE9C31-4728-4D66-9B8F-97254D9A1061}.Debug|Any CPU.ActiveCfg = Debug|Any CPU
		{C3BE9C31-4728-4D66-9B8F-97254D9A1061}.Debug|Any CPU.Build.0 = Debug|Any CPU
		{C3BE9C31-4728-4D66-9B8F-97254D9A1061}.Release|Any CPU.ActiveCfg = Release|Any CPU
		{C3BE9C31-4728-4D66-9B8F-97254D9A1061}.Release|Any CPU.Build.0 = Release|Any CPU
		{DAC65318-C8F5-492F-85C9-41AD7814B9F0}.Debug|Any CPU.ActiveCfg = Debug|Any CPU
		{DAC65318-C8F5-492F-85C9-41AD7814B9F0}.Debug|Any CPU.Build.0 = Debug|Any CPU
		{DAC65318-C8F5-492F-85C9-41AD7814B9F0}.Release|Any CPU.ActiveCfg = Release|Any CPU
		{DAC65318-C8F5-492F-85C9-41AD7814B9F0}.Release|Any CPU.Build.0 = Release|Any CPU
		{9995D5F1-4B7A-4F53-8E33-E9965D42319D}.Debug|Any CPU.ActiveCfg = Debug|Any CPU
		{9995D5F1-4B7A-4F53-8E33-E9965D42319D}.Debug|Any CPU.Build.0 = Debug|Any CPU
		{9995D5F1-4B7A-4F53-8E33-E9965D42319D}.Release|Any CPU.ActiveCfg = Release|Any CPU
		{9995D5F1-4B7A-4F53-8E33-E9965D42319D}.Release|Any CPU.Build.0 = Release|Any CPU
		{8505B205-8A84-46F9-A9A1-D2716256744F}.Debug|Any CPU.ActiveCfg = Debug|Any CPU
		{8505B205-8A84-46F9-A9A1-D2716256744F}.Debug|Any CPU.Build.0 = Debug|Any CPU
		{8505B205-8A84-46F9-A9A1-D2716256744F}.Release|Any CPU.ActiveCfg = Release|Any CPU
		{8505B205-8A84-46F9-A9A1-D2716256744F}.Release|Any CPU.Build.0 = Release|Any CPU
		{1EB17B1A-7D30-4DEB-AEC2-A995347512E2}.Debug|Any CPU.ActiveCfg = Debug|Any CPU
		{1EB17B1A-7D30-4DEB-AEC2-A995347512E2}.Debug|Any CPU.Build.0 = Debug|Any CPU
		{1EB17B1A-7D30-4DEB-AEC2-A995347512E2}.Release|Any CPU.ActiveCfg = Release|Any CPU
		{1EB17B1A-7D30-4DEB-AEC2-A995347512E2}.Release|Any CPU.Build.0 = Release|Any CPU
		{8F6ED421-9A65-4F68-A6C9-B536A77C3CEE}.Debug|Any CPU.ActiveCfg = Debug|Any CPU
		{8F6ED421-9A65-4F68-A6C9-B536A77C3CEE}.Debug|Any CPU.Build.0 = Debug|Any CPU
		{8F6ED421-9A65-4F68-A6C9-B536A77C3CEE}.Release|Any CPU.ActiveCfg = Release|Any CPU
		{8F6ED421-9A65-4F68-A6C9-B536A77C3CEE}.Release|Any CPU.Build.0 = Release|Any CPU
		{0F43F17B-EE77-43D5-BD01-06713B0793A9}.Debug|Any CPU.ActiveCfg = Debug|Any CPU
		{0F43F17B-EE77-43D5-BD01-06713B0793A9}.Debug|Any CPU.Build.0 = Debug|Any CPU
		{0F43F17B-EE77-43D5-BD01-06713B0793A9}.Release|Any CPU.ActiveCfg = Release|Any CPU
		{0F43F17B-EE77-43D5-BD01-06713B0793A9}.Release|Any CPU.Build.0 = Release|Any CPU
		{DE196FD5-5DC6-49D6-894C-348BC934F26E}.Debug|Any CPU.ActiveCfg = Debug|Any CPU
		{DE196FD5-5DC6-49D6-894C-348BC934F26E}.Debug|Any CPU.Build.0 = Debug|Any CPU
		{DE196FD5-5DC6-49D6-894C-348BC934F26E}.Release|Any CPU.ActiveCfg = Release|Any CPU
		{DE196FD5-5DC6-49D6-894C-348BC934F26E}.Release|Any CPU.Build.0 = Release|Any CPU
		{409C9E04-0951-4FC3-BA3E-F48F67D51568}.Debug|Any CPU.ActiveCfg = Debug|Any CPU
		{409C9E04-0951-4FC3-BA3E-F48F67D51568}.Debug|Any CPU.Build.0 = Debug|Any CPU
		{409C9E04-0951-4FC3-BA3E-F48F67D51568}.Release|Any CPU.ActiveCfg = Release|Any CPU
		{409C9E04-0951-4FC3-BA3E-F48F67D51568}.Release|Any CPU.Build.0 = Release|Any CPU
		{F0175DBB-9B83-4BF6-AC5B-E84ADF721250}.Debug|Any CPU.ActiveCfg = Debug|Any CPU
		{F0175DBB-9B83-4BF6-AC5B-E84ADF721250}.Debug|Any CPU.Build.0 = Debug|Any CPU
		{F0175DBB-9B83-4BF6-AC5B-E84ADF721250}.Release|Any CPU.ActiveCfg = Release|Any CPU
		{F0175DBB-9B83-4BF6-AC5B-E84ADF721250}.Release|Any CPU.Build.0 = Release|Any CPU
		{A1B50F7C-1754-493E-A5F6-023B45361AF9}.Debug|Any CPU.ActiveCfg = Debug|Any CPU
		{A1B50F7C-1754-493E-A5F6-023B45361AF9}.Debug|Any CPU.Build.0 = Debug|Any CPU
		{A1B50F7C-1754-493E-A5F6-023B45361AF9}.Release|Any CPU.ActiveCfg = Release|Any CPU
		{A1B50F7C-1754-493E-A5F6-023B45361AF9}.Release|Any CPU.Build.0 = Release|Any CPU
		{D9C7365B-359C-492E-90FD-3BE73424ACBC}.Debug|Any CPU.ActiveCfg = Debug|Any CPU
		{D9C7365B-359C-492E-90FD-3BE73424ACBC}.Debug|Any CPU.Build.0 = Debug|Any CPU
		{D9C7365B-359C-492E-90FD-3BE73424ACBC}.Release|Any CPU.ActiveCfg = Release|Any CPU
		{D9C7365B-359C-492E-90FD-3BE73424ACBC}.Release|Any CPU.Build.0 = Release|Any CPU
		{94B9441A-B1F8-4510-B309-EBA7D13672DF}.Debug|Any CPU.ActiveCfg = Debug|Any CPU
		{94B9441A-B1F8-4510-B309-EBA7D13672DF}.Debug|Any CPU.Build.0 = Debug|Any CPU
		{94B9441A-B1F8-4510-B309-EBA7D13672DF}.Release|Any CPU.ActiveCfg = Release|Any CPU
		{94B9441A-B1F8-4510-B309-EBA7D13672DF}.Release|Any CPU.Build.0 = Release|Any CPU
		{D9FED560-C612-439B-BE54-B99FA6D50B56}.Debug|Any CPU.ActiveCfg = Debug|Any CPU
		{D9FED560-C612-439B-BE54-B99FA6D50B56}.Debug|Any CPU.Build.0 = Debug|Any CPU
		{D9FED560-C612-439B-BE54-B99FA6D50B56}.Release|Any CPU.ActiveCfg = Release|Any CPU
		{D9FED560-C612-439B-BE54-B99FA6D50B56}.Release|Any CPU.Build.0 = Release|Any CPU
		{6FCD831A-62D3-4BF7-9368-6DDF8982B0D7}.Debug|Any CPU.ActiveCfg = Debug|Any CPU
		{6FCD831A-62D3-4BF7-9368-6DDF8982B0D7}.Debug|Any CPU.Build.0 = Debug|Any CPU
		{6FCD831A-62D3-4BF7-9368-6DDF8982B0D7}.Release|Any CPU.ActiveCfg = Release|Any CPU
		{6FCD831A-62D3-4BF7-9368-6DDF8982B0D7}.Release|Any CPU.Build.0 = Release|Any CPU
		{2791334B-32A9-4AA5-826F-166F6657AA8B}.Debug|Any CPU.ActiveCfg = Debug|Any CPU
		{2791334B-32A9-4AA5-826F-166F6657AA8B}.Debug|Any CPU.Build.0 = Debug|Any CPU
		{2791334B-32A9-4AA5-826F-166F6657AA8B}.Release|Any CPU.ActiveCfg = Release|Any CPU
		{2791334B-32A9-4AA5-826F-166F6657AA8B}.Release|Any CPU.Build.0 = Release|Any CPU
		{1C88C48C-0BA5-4C6B-BA26-999C0F7714EE}.Debug|Any CPU.ActiveCfg = Debug|Any CPU
		{1C88C48C-0BA5-4C6B-BA26-999C0F7714EE}.Debug|Any CPU.Build.0 = Debug|Any CPU
		{1C88C48C-0BA5-4C6B-BA26-999C0F7714EE}.Release|Any CPU.ActiveCfg = Release|Any CPU
		{1C88C48C-0BA5-4C6B-BA26-999C0F7714EE}.Release|Any CPU.Build.0 = Release|Any CPU
		{BFAD38E4-D0AC-4438-83D7-D6416AE4165F}.Debug|Any CPU.ActiveCfg = Debug|Any CPU
		{BFAD38E4-D0AC-4438-83D7-D6416AE4165F}.Debug|Any CPU.Build.0 = Debug|Any CPU
		{BFAD38E4-D0AC-4438-83D7-D6416AE4165F}.Release|Any CPU.ActiveCfg = Release|Any CPU
		{BFAD38E4-D0AC-4438-83D7-D6416AE4165F}.Release|Any CPU.Build.0 = Release|Any CPU
		{E9FCC9CA-8098-468A-9872-C482F105FB8A}.Debug|Any CPU.ActiveCfg = Debug|Any CPU
		{E9FCC9CA-8098-468A-9872-C482F105FB8A}.Debug|Any CPU.Build.0 = Debug|Any CPU
		{E9FCC9CA-8098-468A-9872-C482F105FB8A}.Release|Any CPU.ActiveCfg = Release|Any CPU
		{E9FCC9CA-8098-468A-9872-C482F105FB8A}.Release|Any CPU.Build.0 = Release|Any CPU
		{C3A181CB-020C-4216-B586-3990264BF948}.Debug|Any CPU.ActiveCfg = Debug|Any CPU
		{C3A181CB-020C-4216-B586-3990264BF948}.Debug|Any CPU.Build.0 = Debug|Any CPU
		{C3A181CB-020C-4216-B586-3990264BF948}.Release|Any CPU.ActiveCfg = Release|Any CPU
		{C3A181CB-020C-4216-B586-3990264BF948}.Release|Any CPU.Build.0 = Release|Any CPU
		{6EF60019-8118-416A-A9AF-2EDD5B63CAD7}.Debug|Any CPU.ActiveCfg = Debug|Any CPU
		{6EF60019-8118-416A-A9AF-2EDD5B63CAD7}.Debug|Any CPU.Build.0 = Debug|Any CPU
		{6EF60019-8118-416A-A9AF-2EDD5B63CAD7}.Release|Any CPU.ActiveCfg = Release|Any CPU
		{6EF60019-8118-416A-A9AF-2EDD5B63CAD7}.Release|Any CPU.Build.0 = Release|Any CPU
		{C1402810-6E5D-4A7D-9052-22C5589EACC4}.Debug|Any CPU.ActiveCfg = Debug|Any CPU
		{C1402810-6E5D-4A7D-9052-22C5589EACC4}.Debug|Any CPU.Build.0 = Debug|Any CPU
		{C1402810-6E5D-4A7D-9052-22C5589EACC4}.Release|Any CPU.ActiveCfg = Release|Any CPU
		{C1402810-6E5D-4A7D-9052-22C5589EACC4}.Release|Any CPU.Build.0 = Release|Any CPU
	EndGlobalSection
	GlobalSection(SolutionProperties) = preSolution
		HideSolutionNode = FALSE
	EndGlobalSection
	GlobalSection(NestedProjects) = preSolution
		{87170A5B-B2F6-46C3-96D5-218C1F612016} = {90A93B9E-7BD8-485A-AB77-8FD07B1873AA}
		{0378D935-52D1-4EDC-918E-A8D9BCC68C7B} = {87170A5B-B2F6-46C3-96D5-218C1F612016}
		{F0C0C8C3-FD0C-416F-A0E1-F908B64B9418} = {954494F8-3934-4F17-80E4-4BBD559115FE}
		{A5850ED1-1F3E-468D-B597-42F80B3FEC95} = {954494F8-3934-4F17-80E4-4BBD559115FE}
		{4EF6621C-7EF3-4B6A-9F65-80D0BD600BAB} = {F0C0C8C3-FD0C-416F-A0E1-F908B64B9418}
		{D1CBBC5B-CCE4-4AB5-82C0-051559C5AAC6} = {F0C0C8C3-FD0C-416F-A0E1-F908B64B9418}
		{0B1023CB-DB51-454D-BF39-3D9846637CF1} = {AE6E2C42-CDA6-4200-902D-B2503052E458}
		{EF1844CD-2D99-4668-BE73-F84543E0AF7A} = {954494F8-3934-4F17-80E4-4BBD559115FE}
		{90A93B9E-7BD8-485A-AB77-8FD07B1873AA} = {18A48638-20A6-4534-B9B3-2BAACC9ECA86}
		{625D5428-7412-40EA-9462-DCFE7757C811} = {18A48638-20A6-4534-B9B3-2BAACC9ECA86}
		{F244D9B8-39ED-49EC-AE13-44AB8FCED04C} = {18A48638-20A6-4534-B9B3-2BAACC9ECA86}
		{015FE054-0C7D-4C24-876F-C0D62B59BF7C} = {90A93B9E-7BD8-485A-AB77-8FD07B1873AA}
		{1F9B8050-93E6-46BE-99B0-E2EA45F21BB1} = {015FE054-0C7D-4C24-876F-C0D62B59BF7C}
		{D6D79BBD-FD95-41D6-94C1-2DB502C524AF} = {F0C0C8C3-FD0C-416F-A0E1-F908B64B9418}
		{2EEBFBA9-9A3D-454B-ABF6-206BC72DD5A9} = {AE6E2C42-CDA6-4200-902D-B2503052E458}
		{BB93E052-2C00-4989-9359-723CF2FEEF47} = {D1CBBC5B-CCE4-4AB5-82C0-051559C5AAC6}
		{DD2E289B-EB92-4115-94E9-DF51A7795308} = {D1CBBC5B-CCE4-4AB5-82C0-051559C5AAC6}
		{A56C931D-22DA-4F3D-8F0F-DE68584E26D8} = {D1CBBC5B-CCE4-4AB5-82C0-051559C5AAC6}
		{89F0B023-509C-46C0-B654-8E39F39546CA} = {D1CBBC5B-CCE4-4AB5-82C0-051559C5AAC6}
		{4DC32302-FACA-49E0-AF9A-EEC8B9303A83} = {D1CBBC5B-CCE4-4AB5-82C0-051559C5AAC6}
		{C5A17F72-2281-4C97-BA5F-3512F59345D2} = {AE6E2C42-CDA6-4200-902D-B2503052E458}
		{A83A7113-D67A-4222-BAAB-CC7F41D7CCCA} = {A5850ED1-1F3E-468D-B597-42F80B3FEC95}
		{910FCE27-87AC-49DC-AC30-D34D93E746C3} = {EF1844CD-2D99-4668-BE73-F84543E0AF7A}
		{F5496094-FAA9-40CA-B456-91C9D3A03E03} = {A5850ED1-1F3E-468D-B597-42F80B3FEC95}
		{BA8EFE43-5D53-49FF-AF1D-9316F488B7CA} = {A5850ED1-1F3E-468D-B597-42F80B3FEC95}
		{EBD73EE6-5FF9-4E17-B760-F4478DE1B027} = {F5496094-FAA9-40CA-B456-91C9D3A03E03}
		{1532E92A-97AC-4BCD-8F3F-DD367C87C9D6} = {F5496094-FAA9-40CA-B456-91C9D3A03E03}
		{24E5BF9E-BA65-43C5-B7FD-F0258DD54F5E} = {F5496094-FAA9-40CA-B456-91C9D3A03E03}
		{43B7C7C1-FBF9-4C62-A959-B4AB404D8836} = {F5496094-FAA9-40CA-B456-91C9D3A03E03}
		{AE6E2C42-CDA6-4200-902D-B2503052E458} = {4EF6621C-7EF3-4B6A-9F65-80D0BD600BAB}
		{56B76764-67E7-4DEB-8434-50E329236F85} = {F5496094-FAA9-40CA-B456-91C9D3A03E03}
		{D536B916-EC55-4CB9-B623-6B1E35AC9E02} = {A7F19788-9DD3-4995-9EC9-E09094345824}
		{389067F4-5035-4045-B7CA-530622D7AE55} = {A7F19788-9DD3-4995-9EC9-E09094345824}
		{149E9BE8-7AA5-4DA5-9438-8828252B10FD} = {EF1844CD-2D99-4668-BE73-F84543E0AF7A}
		{F657558B-D640-4648-BF1E-536EB471FE23} = {EF1844CD-2D99-4668-BE73-F84543E0AF7A}
		{3B268BEA-3678-470B-8129-0F8C734092F5} = {EF1844CD-2D99-4668-BE73-F84543E0AF7A}
		{D5CE7EC3-544A-49E6-A50A-CE5B660AEEA9} = {3B268BEA-3678-470B-8129-0F8C734092F5}
		{3BAEA620-DF30-4705-84AD-084B86231E2F} = {3B268BEA-3678-470B-8129-0F8C734092F5}
		{BD226571-EE3F-4712-8862-61C89A1CB156} = {3BAEA620-DF30-4705-84AD-084B86231E2F}
		{49AB52F4-5EFE-4D93-9108-7D0383FD606A} = {3BAEA620-DF30-4705-84AD-084B86231E2F}
		{C3BE9C31-4728-4D66-9B8F-97254D9A1061} = {D5CE7EC3-544A-49E6-A50A-CE5B660AEEA9}
		{DAC65318-C8F5-492F-85C9-41AD7814B9F0} = {D5CE7EC3-544A-49E6-A50A-CE5B660AEEA9}
		{9995D5F1-4B7A-4F53-8E33-E9965D42319D} = {D5CE7EC3-544A-49E6-A50A-CE5B660AEEA9}
		{8505B205-8A84-46F9-A9A1-D2716256744F} = {D5CE7EC3-544A-49E6-A50A-CE5B660AEEA9}
		{1EB17B1A-7D30-4DEB-AEC2-A995347512E2} = {D5CE7EC3-544A-49E6-A50A-CE5B660AEEA9}
		{8F6ED421-9A65-4F68-A6C9-B536A77C3CEE} = {D1CBBC5B-CCE4-4AB5-82C0-051559C5AAC6}
		{0F43F17B-EE77-43D5-BD01-06713B0793A9} = {015FE054-0C7D-4C24-876F-C0D62B59BF7C}
		{F0175DBB-9B83-4BF6-AC5B-E84ADF721250} = {A83A7113-D67A-4222-BAAB-CC7F41D7CCCA}
		{A1B50F7C-1754-493E-A5F6-023B45361AF9} = {806483FC-AE6B-4F9F-9E9E-2801B7A6295B}
		{806483FC-AE6B-4F9F-9E9E-2801B7A6295B} = {AE6E2C42-CDA6-4200-902D-B2503052E458}
		{A7F19788-9DD3-4995-9EC9-E09094345824} = {BA8EFE43-5D53-49FF-AF1D-9316F488B7CA}
		{938F7C2E-4B6B-4FAB-97FE-6B7746728BEE} = {A7F19788-9DD3-4995-9EC9-E09094345824}
		{D9C7365B-359C-492E-90FD-3BE73424ACBC} = {938F7C2E-4B6B-4FAB-97FE-6B7746728BEE}
		{E56AD563-EA5B-4DCD-B42C-F91E40D42540} = {A7F19788-9DD3-4995-9EC9-E09094345824}
		{94B9441A-B1F8-4510-B309-EBA7D13672DF} = {E56AD563-EA5B-4DCD-B42C-F91E40D42540}
		{D9FED560-C612-439B-BE54-B99FA6D50B56} = {E56AD563-EA5B-4DCD-B42C-F91E40D42540}
		{6FCD831A-62D3-4BF7-9368-6DDF8982B0D7} = {0B1023CB-DB51-454D-BF39-3D9846637CF1}
		{2791334B-32A9-4AA5-826F-166F6657AA8B} = {0B1023CB-DB51-454D-BF39-3D9846637CF1}
		{1C88C48C-0BA5-4C6B-BA26-999C0F7714EE} = {D6D79BBD-FD95-41D6-94C1-2DB502C524AF}
		{BFAD38E4-D0AC-4438-83D7-D6416AE4165F} = {87170A5B-B2F6-46C3-96D5-218C1F612016}
		{E9FCC9CA-8098-468A-9872-C482F105FB8A} = {0378D935-52D1-4EDC-918E-A8D9BCC68C7B}
		{473253BD-090A-47D3-B29F-707276702131} = {4EF6621C-7EF3-4B6A-9F65-80D0BD600BAB}
		{6EF60019-8118-416A-A9AF-2EDD5B63CAD7} = {473253BD-090A-47D3-B29F-707276702131}
	EndGlobalSection
	GlobalSection(ExtensibilityGlobals) = postSolution
		SolutionGuid = {45C46BBB-B9D0-4D28-B3C3-9EF41EB6DBFE}
	EndGlobalSection
EndGlobal
